{
  "version": 4,
  "terraform_version": "1.5.0",
  "serial": 1,
  "lineage": "76fb4a2a-d5c8-4294-71bd-e4d4bbd60d11",
  "outputs": {},
  "resources": [
    {
      "mode": "managed",
      "type": "google_container_cluster",
      "name": "cluster-2",
      "provider": "provider[\"registry.terraform.io/hashicorp/google\"]",
      "instances": [
        {
          "index_key": 0,
          "schema_version": 1,
          "attributes": {
            "addons_config": [
              {
                "cloudrun_config": [],
                "config_connector_config": [],
                "dns_cache_config": [],
                "gce_persistent_disk_csi_driver_config": [
                  {
                    "enabled": true
                  }
                ],
                "gcp_filestore_csi_driver_config": [],
                "gke_backup_agent_config": [],
                "horizontal_pod_autoscaling": [],
                "http_load_balancing": [],
                "network_policy_config": [
                  {
                    "disabled": true
                  }
                ]
              }
            ],
            "authenticator_groups_config": [],
            "binary_authorization": [
              {
                "enabled": false,
                "evaluation_mode": ""
              }
            ],
            "cluster_autoscaling": [
              {
                "auto_provisioning_defaults": [],
                "enabled": false,
                "resource_limits": []
              }
            ],
            "cluster_ipv4_cidr": "10.92.0.0/14",
            "confidential_nodes": [],
            "cost_management_config": [],
            "database_encryption": [
              {
                "key_name": "",
                "state": "DECRYPTED"
              }
            ],
            "datapath_provider": "",
            "default_max_pods_per_node": null,
            "default_snat_status": [
              {
                "disabled": false
              }
            ],
            "description": "",
            "dns_config": [],
            "enable_autopilot": false,
            "enable_binary_authorization": false,
            "enable_intranode_visibility": false,
            "enable_kubernetes_alpha": false,
            "enable_l4_ilb_subsetting": false,
            "enable_legacy_abac": false,
            "enable_shielded_nodes": true,
            "enable_tpu": false,
            "endpoint": "34.94.63.34",
            "gateway_api_config": [],
            "id": "projects/kuber-5902/locations/us-west2-a/clusters/cluster-2",
            "initial_node_count": 0,
            "ip_allocation_policy": [],
            "label_fingerprint": "a9dc16a7",
            "location": "us-west2-a",
            "logging_config": [
              {
                "enable_components": [
                  "SYSTEM_COMPONENTS",
                  "WORKLOADS"
                ]
              }
            ],
            "logging_service": "logging.googleapis.com/kubernetes",
            "maintenance_policy": [],
            "master_auth": [
              {
                "client_certificate": "",
                "client_certificate_config": [
                  {
                    "issue_client_certificate": false
                  }
                ],
                "client_key": "",
                "cluster_ca_certificate": "LS0tLS1CRUdJTiBDRVJUSUZJQ0FURS0tLS0tCk1JSUVMVENDQXBXZ0F3SUJBZ0lSQVBzbkphUU9jN2hYS3VFWFlIV1lKZHd3RFFZSktvWklodmNOQVFFTEJRQXcKTHpFdE1Dc0dBMVVFQXhNa01HRmhaVEZtTm1ZdE1ESXdaaTAwTnpGaExUbGlZemd0TW1JMFlqRXlPVGRrTVdZNApNQ0FYRFRJek1EWXhPREU1TkRjd00xb1lEekl3TlRNd05qRXdNakEwTnpBeldqQXZNUzB3S3dZRFZRUURFeVF3CllXRmxNV1kyWmkwd01qQm1MVFEzTVdFdE9XSmpPQzB5WWpSaU1USTVOMlF4Wmpnd2dnR2lNQTBHQ1NxR1NJYjMKRFFFQkFRVUFBNElCandBd2dnR0tBb0lCZ1FEeVU3dE5TNDh0ZnpHSW1pMHRranBLbFZFbVJBYnVFTTJTK0xpNApQdG1MVUhBQlpBRG5vY0Y0Q1BTMnVOTFhPUUJac1RqY0tyVENHNS9KdTJaakNsVmNwbHYrbHE0TUdrMGNxVDFBCmJjc21lSnB2MlVRanltMytYYmE4bUZ5TTlwS1FJaUY1bWkydVdVbWcvODdXQUkzd0NMUnVjajdNc2plNDdCNEEKQm1oR1B1Y2hFR0lLTjE3SlpHUUxyMXkydkduUXpsR0l1d1RyV24yUXN1Nzl1aDhma2FzRm85LzhoQUovbmFsRQphWGZzSVVFS3hxcytlVUlxWUtaZ2dhVjFjWnFvRXRqREh4YWdKVzBscCtuc2ljeEV4dk9wL1VPZ3lEcVVNdlJqCnZaZ3NoUENWZTVOUmJ2OEdkSGQ1elJ5NVhVRE1DTlNkQTRrU0RrdFR1ZnRCYzlIbW1uZGlXVFN3Zkd4RzYwS2gKWGNKMCtZd1FVYjNLSGdhN1l4Ri9zcjdtcitVR3VFZitORjM2Qncva3pLbXhDQXRxdlNOY2NVd3hxSUJ1S3B4NQptMHNTamthb09BZktWeW9Dc0ppYTR5dWxZcldYVGk5TWdWNkludDg5TnVpWlF2MXptaG5rcEN2SSt6VXAxeU96Ci9ITjlvUG1Pcms1WmdKU3RtV3p1aDcyb3RPRUNBd0VBQWFOQ01FQXdEZ1lEVlIwUEFRSC9CQVFEQWdJRU1BOEcKQTFVZEV3RUIvd1FGTUFNQkFmOHdIUVlEVlIwT0JCWUVGUEprZzhOOWJCWXRJd0hyRlI4dWs4c2RsT3czTUEwRwpDU3FHU0liM0RRRUJDd1VBQTRJQmdRQ0pwazdWVGNUdWZ2Sm02WlJBd2hPOWNraWE3b3gxcjJ5MkRZalBKVkxXCjFXeHVYRHlvQTgvd05YbldFZ2EvQmJ2YmtHSm5CWFVaRUlUd1YvZzA4NnFDN0VlWnBrVjJyWTFkS045RUtHTHMKcnh1cEhxejFaY1F3ci9KYTZrVlk2OWwxVnF2UUlPalhvS24rWjcxaWUvbndwV3psd1V6SlJrN01iMlVreERHSAo0a2t5bnBQS0ZLUytQcjBVWmFxT0IvUEYxYnJ6dkVZM2JmdFVETVRjZE5wNDg0bVhtN2pvb0R4d0tYRk1KTHUwCmVwTWFiY0tzOVVkRjRUd1A4WkpMak4yV29VczBKRytsZFRwSWFySUF1c05ROWNWZm9qS0VON25GQlQ2Wm9Zd0EKSGhPa0RhMVljQXMxbFNFWnVsbU9FMU85NnBOYzgzNVZDbC9zdktONlZOdWVQcFRSWE5nNHJXUStBRXJQSmU5eApXWjIvZ21nWG53ZUxKRHpkQTQ3V2R4V3FtUU9OdFJYc1Fua0p0dEtpcXRGbm9kUkp5ejZUdHNKQ1BMOVFTZ2dNClg2UytGOUUyaTVOVTUrWG5zS0JEeXZKemYyS2xRQ25qQ20vM1FGaWZoU2hEdGRiRzVKTXJyYWthc1BQUmh0TEkKMFp5eVBrR25NTlFoTFEzS2trZFRsSlk9Ci0tLS0tRU5EIENFUlRJRklDQVRFLS0tLS0K"
              }
            ],
            "master_authorized_networks_config": [],
            "master_version": "1.25.8-gke.1000",
            "mesh_certificates": [],
            "min_master_version": null,
            "monitoring_config": [
              {
                "enable_components": [
                  "SYSTEM_COMPONENTS"
                ],
                "managed_prometheus": []
              }
            ],
            "monitoring_service": "monitoring.googleapis.com/kubernetes",
            "name": "cluster-2",
            "network": "projects/kuber-5902/global/networks/default",
            "network_policy": [
              {
                "enabled": false,
                "provider": "PROVIDER_UNSPECIFIED"
              }
            ],
            "networking_mode": "ROUTES",
            "node_config": [
              {
                "advanced_machine_features": [],
                "boot_disk_kms_key": "",
                "disk_size_gb": 20,
                "disk_type": "pd-balanced",
                "ephemeral_storage_local_ssd_config": [],
                "gcfs_config": [],
                "guest_accelerator": [],
                "gvnic": [],
                "image_type": "COS_CONTAINERD",
                "kubelet_config": [],
                "labels": {},
                "linux_node_config": [],
                "local_nvme_ssd_block_config": [],
                "local_ssd_count": 0,
                "logging_variant": "DEFAULT",
                "machine_type": "e2-standard-2",
                "metadata": {
                  "disable-legacy-endpoints": "true"
                },
                "min_cpu_platform": "",
                "node_group": "",
                "oauth_scopes": [
                  "https://www.googleapis.com/auth/devstorage.read_only",
                  "https://www.googleapis.com/auth/logging.write",
                  "https://www.googleapis.com/auth/monitoring",
                  "https://www.googleapis.com/auth/service.management.readonly",
                  "https://www.googleapis.com/auth/servicecontrol",
                  "https://www.googleapis.com/auth/trace.append"
                ],
                "preemptible": false,
                "reservation_affinity": [],
                "resource_labels": {},
                "service_account": "default",
                "shielded_instance_config": [
                  {
                    "enable_integrity_monitoring": true,
                    "enable_secure_boot": false
                  }
                ],
                "spot": false,
                "tags": [],
                "taint": [],
                "workload_metadata_config": []
              }
            ],
            "node_locations": [],
            "node_pool": [
              {
                "autoscaling": [],
                "initial_node_count": 1,
                "instance_group_urls": [
                  "https://www.googleapis.com/compute/v1/projects/kuber-5902/zones/us-west2-a/instanceGroupManagers/gke-cluster-2-my-pool-ceb36cee-grp"
                ],
                "managed_instance_group_urls": [
                  "https://www.googleapis.com/compute/v1/projects/kuber-5902/zones/us-west2-a/instanceGroups/gke-cluster-2-my-pool-ceb36cee-grp"
                ],
                "management": [
                  {
                    "auto_repair": true,
                    "auto_upgrade": true
                  }
                ],
                "max_pods_per_node": 0,
                "name": "my-pool",
                "name_prefix": "",
                "network_config": [
                  {
                    "create_pod_range": false,
                    "enable_private_nodes": false,
                    "pod_cidr_overprovision_config": [],
                    "pod_ipv4_cidr_block": "",
                    "pod_range": ""
                  }
                ],
                "node_config": [
                  {
                    "advanced_machine_features": [],
                    "boot_disk_kms_key": "",
                    "disk_size_gb": 20,
                    "disk_type": "pd-balanced",
                    "ephemeral_storage_local_ssd_config": [],
                    "gcfs_config": [],
                    "guest_accelerator": [],
                    "gvnic": [],
                    "image_type": "COS_CONTAINERD",
                    "kubelet_config": [],
                    "labels": {},
                    "linux_node_config": [],
                    "local_nvme_ssd_block_config": [],
                    "local_ssd_count": 0,
                    "logging_variant": "DEFAULT",
                    "machine_type": "e2-standard-2",
                    "metadata": {
                      "disable-legacy-endpoints": "true"
                    },
                    "min_cpu_platform": "",
                    "node_group": "",
                    "oauth_scopes": [
                      "https://www.googleapis.com/auth/devstorage.read_only",
                      "https://www.googleapis.com/auth/logging.write",
                      "https://www.googleapis.com/auth/monitoring",
                      "https://www.googleapis.com/auth/service.management.readonly",
                      "https://www.googleapis.com/auth/servicecontrol",
                      "https://www.googleapis.com/auth/trace.append"
                    ],
                    "preemptible": false,
                    "reservation_affinity": [],
                    "resource_labels": {},
                    "service_account": "default",
                    "shielded_instance_config": [
                      {
                        "enable_integrity_monitoring": true,
                        "enable_secure_boot": false
                      }
                    ],
                    "spot": false,
                    "tags": [],
                    "taint": [],
                    "workload_metadata_config": []
                  }
                ],
                "node_count": 1,
                "node_locations": [
                  "us-west2-a"
                ],
                "placement_policy": [],
                "upgrade_settings": [
                  {
                    "blue_green_settings": [],
                    "max_surge": 1,
                    "max_unavailable": 0,
                    "strategy": "SURGE"
                  }
                ],
                "version": "1.25.8-gke.1000"
              }
            ],
            "node_pool_defaults": [
              {
                "node_config_defaults": [
                  {
                    "logging_variant": "DEFAULT"
                  }
                ]
              }
            ],
            "node_version": "1.25.8-gke.1000",
            "notification_config": [
              {
                "pubsub": [
                  {
                    "enabled": false,
                    "filter": [],
                    "topic": ""
                  }
                ]
              }
            ],
            "operation": null,
            "private_cluster_config": [
              {
                "enable_private_endpoint": false,
                "enable_private_nodes": false,
                "master_global_access_config": [
                  {
                    "enabled": false
                  }
                ],
                "master_ipv4_cidr_block": "",
                "peering_name": "",
                "private_endpoint": "10.168.0.7",
                "private_endpoint_subnetwork": "",
                "public_endpoint": "34.94.63.34"
              }
            ],
            "private_ipv6_google_access": "",
            "project": "kuber-5902",
            "release_channel": [
              {
                "channel": "REGULAR"
              }
            ],
            "remove_default_node_pool": true,
            "resource_labels": null,
            "resource_usage_export_config": [],
            "self_link": "https://container.googleapis.com/v1/projects/kuber-5902/zones/us-west2-a/clusters/cluster-2",
            "service_external_ips_config": [
              {
                "enabled": false
              }
            ],
            "services_ipv4_cidr": "10.95.240.0/20",
            "subnetwork": "projects/kuber-5902/regions/us-west2/subnetworks/default",
            "timeouts": null,
            "tpu_ipv4_cidr_block": "",
            "vertical_pod_autoscaling": [],
            "workload_identity_config": []
          },
          "sensitive_attributes": [],
          "private": "eyJlMmJmYjczMC1lY2FhLTExZTYtOGY4OC0zNDM2M2JjN2M0YzAiOnsiY3JlYXRlIjoyNDAwMDAwMDAwMDAwLCJkZWxldGUiOjI0MDAwMDAwMDAwMDAsInJlYWQiOjI0MDAwMDAwMDAwMDAsInVwZGF0ZSI6MzYwMDAwMDAwMDAwMH0sInNjaGVtYV92ZXJzaW9uIjoiMSJ9"
        }
      ]
    }
  ],
  "check_results": null
}
