{
  "version": 4,
  "terraform_version": "1.5.0",
  "serial": 3,
  "lineage": "76fb4a2a-d5c8-4294-71bd-e4d4bbd60d11",
  "outputs": {},
  "resources": [
    {
      "mode": "managed",
      "type": "google_container_cluster",
      "name": "cluster-2",
      "provider": "provider[\"registry.terraform.io/hashicorp/google\"]",
      "instances": [
        {
          "index_key": 0,
          "schema_version": 1,
          "attributes": {
            "addons_config": [
              {
                "cloudrun_config": [],
                "config_connector_config": [],
                "dns_cache_config": [],
                "gce_persistent_disk_csi_driver_config": [
                  {
                    "enabled": true
                  }
                ],
                "gcp_filestore_csi_driver_config": [],
                "gke_backup_agent_config": [],
                "horizontal_pod_autoscaling": [],
                "http_load_balancing": [],
                "network_policy_config": [
                  {
                    "disabled": true
                  }
                ]
              }
            ],
            "authenticator_groups_config": [],
            "binary_authorization": [
              {
                "enabled": false,
                "evaluation_mode": ""
              }
            ],
            "cluster_autoscaling": [
              {
                "auto_provisioning_defaults": [],
                "enabled": false,
                "resource_limits": []
              }
            ],
            "cluster_ipv4_cidr": "10.92.0.0/14",
            "confidential_nodes": [],
            "cost_management_config": [],
            "database_encryption": [
              {
                "key_name": "",
                "state": "DECRYPTED"
              }
            ],
            "datapath_provider": "",
            "default_max_pods_per_node": null,
            "default_snat_status": [
              {
                "disabled": false
              }
            ],
            "description": "",
            "dns_config": [],
            "enable_autopilot": false,
            "enable_binary_authorization": false,
            "enable_intranode_visibility": false,
            "enable_kubernetes_alpha": false,
            "enable_l4_ilb_subsetting": false,
            "enable_legacy_abac": false,
            "enable_shielded_nodes": true,
            "enable_tpu": false,
            "endpoint": "35.235.85.89",
            "gateway_api_config": [],
            "id": "projects/kuber-5902/locations/us-west2-a/clusters/cluster-2",
            "initial_node_count": 0,
            "ip_allocation_policy": [],
            "label_fingerprint": "a9dc16a7",
            "location": "us-west2-a",
            "logging_config": [
              {
                "enable_components": [
                  "SYSTEM_COMPONENTS",
                  "WORKLOADS"
                ]
              }
            ],
            "logging_service": "logging.googleapis.com/kubernetes",
            "maintenance_policy": [],
            "master_auth": [
              {
                "client_certificate": "",
                "client_certificate_config": [
                  {
                    "issue_client_certificate": false
                  }
                ],
                "client_key": "",
                "cluster_ca_certificate": "LS0tLS1CRUdJTiBDRVJUSUZJQ0FURS0tLS0tCk1JSUVMRENDQXBTZ0F3SUJBZ0lRUUtWSHV5WWFVaWpSYWltdmUybGJBekFOQmdrcWhraUc5dzBCQVFzRkFEQXYKTVMwd0t3WURWUVFERXlRMVltRXhaak5tTkMwNE9XRTVMVFJsTWpFdFlURTBPUzFpWm1Gak1qQTNOR1kxTWpRdwpJQmNOTWpNd05qRTRNakEwTkRNMVdoZ1BNakExTXpBMk1UQXlNVFEwTXpWYU1DOHhMVEFyQmdOVkJBTVRKRFZpCllURm1NMlkwTFRnNVlUa3ROR1V5TVMxaE1UUTVMV0ptWVdNeU1EYzBaalV5TkRDQ0FhSXdEUVlKS29aSWh2Y04KQVFFQkJRQURnZ0dQQURDQ0FZb0NnZ0dCQUtzakUvK0x6eHpuMTVMZ05EN1RLOGlvZU5TQjhoMmFVZ2Qra2ZLVwp0d0lhdFdJeEpodWF3aHozMHZJbzIxNTNZM0V2QTVreHNMUmswZW9xdDdTb1ZNWnhLUFJkZGVNbzg2dXh6bm83CjI4TWd5T0xkbkhvOUYrdXU0S0RZZU9pMTJPNGJmQmZOaE10L3VES2VVdjFrOEF6a0ptdjJnaUw4VkNRQjZHTUIKdk9VUVJ1Um1iYmNRQ25xeFRETncycG40QjJzNk9LMjIyMFFkaGxDWEFtLzg2SWhTOXdicHRtS0JPNmJsR3FKcApYVUNrVnJ5QWN0Z3UwSGRNYTVkcmhCSjVoNFRueXJqZ1h4cnczNFlMWC91ZzBUNjJmSDFPemFpbld3WlN6UDdGCjJjTFZnQlRIQ3ZzUHgvck91UGpZWkVVbW9wYytRRExrL3dUeVIrOFJPWGdQRTVsNVZwUHN0aXYvVFdObE0vVTMKTE9obFAzS0dGVHFqUGt3alVveDNxZFozS0ZJWDFLd0hXbkN2S0JEdWpvRHM0d25SQmJCZnRnMGx3Vkg2aFEybwpCdkxEc2ZONFdYMG5qd3h5QlAzV0lXUldTVTVPeDNMdDVrSFpvbkdzQ1hhd21HQ2FpM3I0L3Z0dTNtWVkyb1dOCkF3dG53ODZlYzFOWWZVak5UWFhRcG5mNjhRSURBUUFCbzBJd1FEQU9CZ05WSFE4QkFmOEVCQU1DQWdRd0R3WUQKVlIwVEFRSC9CQVV3QXdFQi96QWRCZ05WSFE0RUZnUVVneTZsU0tTQTZBckdhRHZtUHV3OWg4d09EVll3RFFZSgpLb1pJaHZjTkFRRUxCUUFEZ2dHQkFFbnlHUzlBYmtxcmxQQnh6RGp4UEExVW51SUdGVGN2RmtJazludC9KaW5DClN5bkM0VkFMN2dRa1h4bmE0TVdCT0krakJER3pETVd6TjJsQWZhb0FTbW1KRnJLbXhiVjhvdThGVWZySTZLVHkKallvYTVjblVTZDhTR2JiN0U2eno4ZGFrSlRFOE5wYndPbktVb3ZZSkZPTmMvSTZWR3RmMnVwZW1pTG1Cd2tXbAowcHdySjlGcXg2cnBoQ3d2cEc3UDl6akI0aVUrK1dQcXkzemdXMHViYnJHNWFZMTN5T1VnWUpGcmRtQjlRNElPCjlCMTZiUUZORVhubThEM2Q2SjJOeFZycE1YbSt6NjdTS3pkRWhXZWF4QTUxWS9FLytyY1g2SmhGK3BJb2RLNVIKSkhKYkwvYndGMVpRNnJlUWYvN3dHY3k4eWZLeWVjdS9kdEhmamhleDEvazI4TmdDeEQ2eGFNdS90Vm4xVlVLTgowM2ZyK1BVVVZUdDBDeGx3Y3RPeTh1UUo3S3YvS2FKOW9JZ0xubUIwZDNWVlU1cWlGemIvNWx2TXZucUlKZlZvCkN1cU1SMzg0NUkwT2tybnZ1MVJrdExva3E5MldKcHA3Ky9icHN4R0xnWWVZMHY4azJUekRPY3RTalZGaUo4VmIKUTVNU2xRcjZSSlZ5VHQzVGFubUx6UT09Ci0tLS0tRU5EIENFUlRJRklDQVRFLS0tLS0K"
              }
            ],
            "master_authorized_networks_config": [],
            "master_version": "1.25.8-gke.1000",
            "mesh_certificates": [],
            "min_master_version": null,
            "monitoring_config": [
              {
                "enable_components": [
                  "SYSTEM_COMPONENTS"
                ],
                "managed_prometheus": []
              }
            ],
            "monitoring_service": "monitoring.googleapis.com/kubernetes",
            "name": "cluster-2",
            "network": "projects/kuber-5902/global/networks/default",
            "network_policy": [
              {
                "enabled": false,
                "provider": "PROVIDER_UNSPECIFIED"
              }
            ],
            "networking_mode": "ROUTES",
            "node_config": [
              {
                "advanced_machine_features": [],
                "boot_disk_kms_key": "",
                "disk_size_gb": 20,
                "disk_type": "pd-balanced",
                "ephemeral_storage_local_ssd_config": [],
                "gcfs_config": [],
                "guest_accelerator": [],
                "gvnic": [],
                "image_type": "COS_CONTAINERD",
                "kubelet_config": [],
                "labels": {},
                "linux_node_config": [],
                "local_nvme_ssd_block_config": [],
                "local_ssd_count": 0,
                "logging_variant": "DEFAULT",
                "machine_type": "e2-standard-2",
                "metadata": {
                  "disable-legacy-endpoints": "true"
                },
                "min_cpu_platform": "",
                "node_group": "",
                "oauth_scopes": [
                  "https://www.googleapis.com/auth/devstorage.read_only",
                  "https://www.googleapis.com/auth/logging.write",
                  "https://www.googleapis.com/auth/monitoring",
                  "https://www.googleapis.com/auth/service.management.readonly",
                  "https://www.googleapis.com/auth/servicecontrol",
                  "https://www.googleapis.com/auth/trace.append"
                ],
                "preemptible": false,
                "reservation_affinity": [],
                "resource_labels": {},
                "service_account": "default",
                "shielded_instance_config": [
                  {
                    "enable_integrity_monitoring": true,
                    "enable_secure_boot": false
                  }
                ],
                "spot": false,
                "tags": [],
                "taint": [],
                "workload_metadata_config": []
              }
            ],
            "node_locations": [],
            "node_pool": [
              {
                "autoscaling": [],
                "initial_node_count": 1,
                "instance_group_urls": [
                  "https://www.googleapis.com/compute/v1/projects/kuber-5902/zones/us-west2-a/instanceGroupManagers/gke-cluster-2-my-pool-ce9d7b85-grp"
                ],
                "managed_instance_group_urls": [
                  "https://www.googleapis.com/compute/v1/projects/kuber-5902/zones/us-west2-a/instanceGroups/gke-cluster-2-my-pool-ce9d7b85-grp"
                ],
                "management": [
                  {
                    "auto_repair": true,
                    "auto_upgrade": true
                  }
                ],
                "max_pods_per_node": 0,
                "name": "my-pool",
                "name_prefix": "",
                "network_config": [
                  {
                    "create_pod_range": false,
                    "enable_private_nodes": false,
                    "pod_cidr_overprovision_config": [],
                    "pod_ipv4_cidr_block": "",
                    "pod_range": ""
                  }
                ],
                "node_config": [
                  {
                    "advanced_machine_features": [],
                    "boot_disk_kms_key": "",
                    "disk_size_gb": 20,
                    "disk_type": "pd-balanced",
                    "ephemeral_storage_local_ssd_config": [],
                    "gcfs_config": [],
                    "guest_accelerator": [],
                    "gvnic": [],
                    "image_type": "COS_CONTAINERD",
                    "kubelet_config": [],
                    "labels": {},
                    "linux_node_config": [],
                    "local_nvme_ssd_block_config": [],
                    "local_ssd_count": 0,
                    "logging_variant": "DEFAULT",
                    "machine_type": "e2-standard-2",
                    "metadata": {
                      "disable-legacy-endpoints": "true"
                    },
                    "min_cpu_platform": "",
                    "node_group": "",
                    "oauth_scopes": [
                      "https://www.googleapis.com/auth/devstorage.read_only",
                      "https://www.googleapis.com/auth/logging.write",
                      "https://www.googleapis.com/auth/monitoring",
                      "https://www.googleapis.com/auth/service.management.readonly",
                      "https://www.googleapis.com/auth/servicecontrol",
                      "https://www.googleapis.com/auth/trace.append"
                    ],
                    "preemptible": false,
                    "reservation_affinity": [],
                    "resource_labels": {},
                    "service_account": "default",
                    "shielded_instance_config": [
                      {
                        "enable_integrity_monitoring": true,
                        "enable_secure_boot": false
                      }
                    ],
                    "spot": false,
                    "tags": [],
                    "taint": [],
                    "workload_metadata_config": []
                  }
                ],
                "node_count": 1,
                "node_locations": [
                  "us-west2-a"
                ],
                "placement_policy": [],
                "upgrade_settings": [
                  {
                    "blue_green_settings": [],
                    "max_surge": 1,
                    "max_unavailable": 0,
                    "strategy": "SURGE"
                  }
                ],
                "version": "1.25.8-gke.1000"
              }
            ],
            "node_pool_defaults": [
              {
                "node_config_defaults": [
                  {
                    "logging_variant": "DEFAULT"
                  }
                ]
              }
            ],
            "node_version": "1.25.8-gke.1000",
            "notification_config": [
              {
                "pubsub": [
                  {
                    "enabled": false,
                    "filter": [],
                    "topic": ""
                  }
                ]
              }
            ],
            "operation": null,
            "private_cluster_config": [
              {
                "enable_private_endpoint": false,
                "enable_private_nodes": false,
                "master_global_access_config": [
                  {
                    "enabled": false
                  }
                ],
                "master_ipv4_cidr_block": "",
                "peering_name": "",
                "private_endpoint": "10.168.0.10",
                "private_endpoint_subnetwork": "",
                "public_endpoint": "35.235.85.89"
              }
            ],
            "private_ipv6_google_access": "",
            "project": "kuber-5902",
            "release_channel": [
              {
                "channel": "REGULAR"
              }
            ],
            "remove_default_node_pool": true,
            "resource_labels": null,
            "resource_usage_export_config": [],
            "self_link": "https://container.googleapis.com/v1/projects/kuber-5902/zones/us-west2-a/clusters/cluster-2",
            "service_external_ips_config": [
              {
                "enabled": false
              }
            ],
            "services_ipv4_cidr": "10.95.240.0/20",
            "subnetwork": "projects/kuber-5902/regions/us-west2/subnetworks/default",
            "timeouts": null,
            "tpu_ipv4_cidr_block": "",
            "vertical_pod_autoscaling": [],
            "workload_identity_config": []
          },
          "sensitive_attributes": [],
          "private": "eyJlMmJmYjczMC1lY2FhLTExZTYtOGY4OC0zNDM2M2JjN2M0YzAiOnsiY3JlYXRlIjoyNDAwMDAwMDAwMDAwLCJkZWxldGUiOjI0MDAwMDAwMDAwMDAsInJlYWQiOjI0MDAwMDAwMDAwMDAsInVwZGF0ZSI6MzYwMDAwMDAwMDAwMH0sInNjaGVtYV92ZXJzaW9uIjoiMSJ9"
        }
      ]
    }
  ],
  "check_results": null
}
